// !$*UTF8*$!
{
	archiveVersion = 1;
	classes = {
	};
	objectVersion = 46;
	objects = {

/* Begin PBXBuildFile section */
		730D450FE0323BF056AEF095 /* Pods_DevCon_iOS_App.framework in Frameworks */ = {isa = PBXBuildFile; fileRef = E5BFA3DED6553F743FB0FBD2 /* Pods_DevCon_iOS_App.framework */; };
		8900CD66BC7354DAEA6E72AF /* Pods_DevCon_iOS_AppUITests.framework in Frameworks */ = {isa = PBXBuildFile; fileRef = 38B762CA8DCEACD733F94FD0 /* Pods_DevCon_iOS_AppUITests.framework */; };
		9C361B63DBA4FD0A07E8B311 /* Pods_DevCon_iOS_AppTests.framework in Frameworks */ = {isa = PBXBuildFile; fileRef = F15F318C12602AB01C3AA062 /* Pods_DevCon_iOS_AppTests.framework */; };
		D319560B1CE77C2C004B7717 /* LoadingIndicatorView.xib in Resources */ = {isa = PBXBuildFile; fileRef = D319560A1CE77C2C004B7717 /* LoadingIndicatorView.xib */; };
		D3CB044B1CE6F8F4005FDAF0 /* AppDelegate.swift in Sources */ = {isa = PBXBuildFile; fileRef = D3CB044A1CE6F8F4005FDAF0 /* AppDelegate.swift */; };
		D3CB044D1CE6F8F4005FDAF0 /* ViewController.swift in Sources */ = {isa = PBXBuildFile; fileRef = D3CB044C1CE6F8F4005FDAF0 /* ViewController.swift */; };
		D3CB04501CE6F8F4005FDAF0 /* Main.storyboard in Resources */ = {isa = PBXBuildFile; fileRef = D3CB044E1CE6F8F4005FDAF0 /* Main.storyboard */; };
		D3CB04531CE6F8F4005FDAF0 /* DevCon_iOS_App.xcdatamodeld in Sources */ = {isa = PBXBuildFile; fileRef = D3CB04511CE6F8F4005FDAF0 /* DevCon_iOS_App.xcdatamodeld */; };
		D3CB04551CE6F8F4005FDAF0 /* Assets.xcassets in Resources */ = {isa = PBXBuildFile; fileRef = D3CB04541CE6F8F4005FDAF0 /* Assets.xcassets */; };
		D3CB04581CE6F8F4005FDAF0 /* LaunchScreen.storyboard in Resources */ = {isa = PBXBuildFile; fileRef = D3CB04561CE6F8F4005FDAF0 /* LaunchScreen.storyboard */; };
		D3CB04631CE6F8F5005FDAF0 /* DevCon_iOS_AppTests.swift in Sources */ = {isa = PBXBuildFile; fileRef = D3CB04621CE6F8F5005FDAF0 /* DevCon_iOS_AppTests.swift */; };
		D3CB046E1CE6F8F5005FDAF0 /* DevCon_iOS_AppUITests.swift in Sources */ = {isa = PBXBuildFile; fileRef = D3CB046D1CE6F8F5005FDAF0 /* DevCon_iOS_AppUITests.swift */; };
		D3CB05851CE70591005FDAF0 /* LICENSE in Resources */ = {isa = PBXBuildFile; fileRef = D3CB05741CE70591005FDAF0 /* LICENSE */; };
		D3CB05861CE70591005FDAF0 /* README.md in Sources */ = {isa = PBXBuildFile; fileRef = D3CB05751CE70591005FDAF0 /* README.md */; };
/* End PBXBuildFile section */

/* Begin PBXContainerItemProxy section */
		D3CB045F1CE6F8F5005FDAF0 /* PBXContainerItemProxy */ = {
			isa = PBXContainerItemProxy;
			containerPortal = D3CB043F1CE6F8F4005FDAF0 /* Project object */;
			proxyType = 1;
			remoteGlobalIDString = D3CB04461CE6F8F4005FDAF0;
			remoteInfo = "DevCon iOS App";
		};
		D3CB046A1CE6F8F5005FDAF0 /* PBXContainerItemProxy */ = {
			isa = PBXContainerItemProxy;
			containerPortal = D3CB043F1CE6F8F4005FDAF0 /* Project object */;
			proxyType = 1;
			remoteGlobalIDString = D3CB04461CE6F8F4005FDAF0;
			remoteInfo = "DevCon iOS App";
		};
/* End PBXContainerItemProxy section */

/* Begin PBXFileReference section */
		1E2EE28799286EB46F4D49D2 /* Pods-DevCon iOS AppTests.release.xcconfig */ = {isa = PBXFileReference; includeInIndex = 1; lastKnownFileType = text.xcconfig; name = "Pods-DevCon iOS AppTests.release.xcconfig"; path = "Pods/Target Support Files/Pods-DevCon iOS AppTests/Pods-DevCon iOS AppTests.release.xcconfig"; sourceTree = "<group>"; };
		2198FF99F3E1BAA7F645AA4F /* Pods-DevCon iOS AppUITests.debug.xcconfig */ = {isa = PBXFileReference; includeInIndex = 1; lastKnownFileType = text.xcconfig; name = "Pods-DevCon iOS AppUITests.debug.xcconfig"; path = "Pods/Target Support Files/Pods-DevCon iOS AppUITests/Pods-DevCon iOS AppUITests.debug.xcconfig"; sourceTree = "<group>"; };
		38B762CA8DCEACD733F94FD0 /* Pods_DevCon_iOS_AppUITests.framework */ = {isa = PBXFileReference; explicitFileType = wrapper.framework; includeInIndex = 0; path = Pods_DevCon_iOS_AppUITests.framework; sourceTree = BUILT_PRODUCTS_DIR; };
		4DBDB8F6A6C889A30D08AF4A /* Pods-DevCon iOS AppTests.debug.xcconfig */ = {isa = PBXFileReference; includeInIndex = 1; lastKnownFileType = text.xcconfig; name = "Pods-DevCon iOS AppTests.debug.xcconfig"; path = "Pods/Target Support Files/Pods-DevCon iOS AppTests/Pods-DevCon iOS AppTests.debug.xcconfig"; sourceTree = "<group>"; };
		4F8A7D376E692DD3428C7818 /* Pods-DevCon iOS App.release.xcconfig */ = {isa = PBXFileReference; includeInIndex = 1; lastKnownFileType = text.xcconfig; name = "Pods-DevCon iOS App.release.xcconfig"; path = "Pods/Target Support Files/Pods-DevCon iOS App/Pods-DevCon iOS App.release.xcconfig"; sourceTree = "<group>"; };
		7D98E6E0F7746607279CDA52 /* Pods-DevCon iOS AppUITests.release.xcconfig */ = {isa = PBXFileReference; includeInIndex = 1; lastKnownFileType = text.xcconfig; name = "Pods-DevCon iOS AppUITests.release.xcconfig"; path = "Pods/Target Support Files/Pods-DevCon iOS AppUITests/Pods-DevCon iOS AppUITests.release.xcconfig"; sourceTree = "<group>"; };
		D319560A1CE77C2C004B7717 /* LoadingIndicatorView.xib */ = {isa = PBXFileReference; fileEncoding = 4; lastKnownFileType = file.xib; name = LoadingIndicatorView.xib; path = Nibs/LoadingIndicatorView.xib; sourceTree = "<group>"; };
		D3CB04471CE6F8F4005FDAF0 /* DevCon iOS App.app */ = {isa = PBXFileReference; explicitFileType = wrapper.application; includeInIndex = 0; path = "DevCon iOS App.app"; sourceTree = BUILT_PRODUCTS_DIR; };
		D3CB044A1CE6F8F4005FDAF0 /* AppDelegate.swift */ = {isa = PBXFileReference; lastKnownFileType = sourcecode.swift; path = AppDelegate.swift; sourceTree = "<group>"; };
		D3CB044C1CE6F8F4005FDAF0 /* ViewController.swift */ = {isa = PBXFileReference; lastKnownFileType = sourcecode.swift; path = ViewController.swift; sourceTree = "<group>"; };
		D3CB044F1CE6F8F4005FDAF0 /* Base */ = {isa = PBXFileReference; lastKnownFileType = file.storyboard; name = Base; path = Base.lproj/Main.storyboard; sourceTree = "<group>"; };
		D3CB04521CE6F8F4005FDAF0 /* DevCon_iOS_App.xcdatamodel */ = {isa = PBXFileReference; lastKnownFileType = wrapper.xcdatamodel; path = DevCon_iOS_App.xcdatamodel; sourceTree = "<group>"; };
		D3CB04541CE6F8F4005FDAF0 /* Assets.xcassets */ = {isa = PBXFileReference; lastKnownFileType = folder.assetcatalog; path = Assets.xcassets; sourceTree = "<group>"; };
		D3CB04571CE6F8F4005FDAF0 /* Base */ = {isa = PBXFileReference; lastKnownFileType = file.storyboard; name = Base; path = Base.lproj/LaunchScreen.storyboard; sourceTree = "<group>"; };
		D3CB04591CE6F8F4005FDAF0 /* Info.plist */ = {isa = PBXFileReference; lastKnownFileType = text.plist.xml; path = Info.plist; sourceTree = "<group>"; };
		D3CB045E1CE6F8F5005FDAF0 /* DevCon iOS AppTests.xctest */ = {isa = PBXFileReference; explicitFileType = wrapper.cfbundle; includeInIndex = 0; path = "DevCon iOS AppTests.xctest"; sourceTree = BUILT_PRODUCTS_DIR; };
		D3CB04621CE6F8F5005FDAF0 /* DevCon_iOS_AppTests.swift */ = {isa = PBXFileReference; lastKnownFileType = sourcecode.swift; path = DevCon_iOS_AppTests.swift; sourceTree = "<group>"; };
		D3CB04641CE6F8F5005FDAF0 /* Info.plist */ = {isa = PBXFileReference; lastKnownFileType = text.plist.xml; path = Info.plist; sourceTree = "<group>"; };
		D3CB04691CE6F8F5005FDAF0 /* DevCon iOS AppUITests.xctest */ = {isa = PBXFileReference; explicitFileType = wrapper.cfbundle; includeInIndex = 0; path = "DevCon iOS AppUITests.xctest"; sourceTree = BUILT_PRODUCTS_DIR; };
		D3CB046D1CE6F8F5005FDAF0 /* DevCon_iOS_AppUITests.swift */ = {isa = PBXFileReference; lastKnownFileType = sourcecode.swift; path = DevCon_iOS_AppUITests.swift; sourceTree = "<group>"; };
		D3CB046F1CE6F8F5005FDAF0 /* Info.plist */ = {isa = PBXFileReference; lastKnownFileType = text.plist.xml; path = Info.plist; sourceTree = "<group>"; };
		D3CB05741CE70591005FDAF0 /* LICENSE */ = {isa = PBXFileReference; fileEncoding = 4; lastKnownFileType = text; path = LICENSE; sourceTree = "<group>"; };
		D3CB05751CE70591005FDAF0 /* README.md */ = {isa = PBXFileReference; fileEncoding = 4; lastKnownFileType = net.daringfireball.markdown; path = README.md; sourceTree = "<group>"; };
		E5BFA3DED6553F743FB0FBD2 /* Pods_DevCon_iOS_App.framework */ = {isa = PBXFileReference; explicitFileType = wrapper.framework; includeInIndex = 0; path = Pods_DevCon_iOS_App.framework; sourceTree = BUILT_PRODUCTS_DIR; };
		E9BC3403760B6E4AF3587914 /* Pods-DevCon iOS App.debug.xcconfig */ = {isa = PBXFileReference; includeInIndex = 1; lastKnownFileType = text.xcconfig; name = "Pods-DevCon iOS App.debug.xcconfig"; path = "Pods/Target Support Files/Pods-DevCon iOS App/Pods-DevCon iOS App.debug.xcconfig"; sourceTree = "<group>"; };
		F15F318C12602AB01C3AA062 /* Pods_DevCon_iOS_AppTests.framework */ = {isa = PBXFileReference; explicitFileType = wrapper.framework; includeInIndex = 0; path = Pods_DevCon_iOS_AppTests.framework; sourceTree = BUILT_PRODUCTS_DIR; };
/* End PBXFileReference section */

/* Begin PBXFrameworksBuildPhase section */
		D3CB04441CE6F8F4005FDAF0 /* Frameworks */ = {
			isa = PBXFrameworksBuildPhase;
			buildActionMask = 2147483647;
			files = (
				730D450FE0323BF056AEF095 /* Pods_DevCon_iOS_App.framework in Frameworks */,
			);
			runOnlyForDeploymentPostprocessing = 0;
		};
		D3CB045B1CE6F8F5005FDAF0 /* Frameworks */ = {
			isa = PBXFrameworksBuildPhase;
			buildActionMask = 2147483647;
			files = (
				9C361B63DBA4FD0A07E8B311 /* Pods_DevCon_iOS_AppTests.framework in Frameworks */,
			);
			runOnlyForDeploymentPostprocessing = 0;
		};
		D3CB04661CE6F8F5005FDAF0 /* Frameworks */ = {
			isa = PBXFrameworksBuildPhase;
			buildActionMask = 2147483647;
			files = (
				8900CD66BC7354DAEA6E72AF /* Pods_DevCon_iOS_AppUITests.framework in Frameworks */,
			);
			runOnlyForDeploymentPostprocessing = 0;
		};
/* End PBXFrameworksBuildPhase section */

/* Begin PBXGroup section */
		53A0C4DE8ECCD0B76593BD18 /* Frameworks */ = {
			isa = PBXGroup;
			children = (
				E5BFA3DED6553F743FB0FBD2 /* Pods_DevCon_iOS_App.framework */,
				F15F318C12602AB01C3AA062 /* Pods_DevCon_iOS_AppTests.framework */,
				38B762CA8DCEACD733F94FD0 /* Pods_DevCon_iOS_AppUITests.framework */,
			);
			name = Frameworks;
			sourceTree = "<group>";
		};
		A01EEE41D4BD25001A596A84 /* Pods */ = {
			isa = PBXGroup;
			children = (
				E9BC3403760B6E4AF3587914 /* Pods-DevCon iOS App.debug.xcconfig */,
				4F8A7D376E692DD3428C7818 /* Pods-DevCon iOS App.release.xcconfig */,
				4DBDB8F6A6C889A30D08AF4A /* Pods-DevCon iOS AppTests.debug.xcconfig */,
				1E2EE28799286EB46F4D49D2 /* Pods-DevCon iOS AppTests.release.xcconfig */,
				2198FF99F3E1BAA7F645AA4F /* Pods-DevCon iOS AppUITests.debug.xcconfig */,
				7D98E6E0F7746607279CDA52 /* Pods-DevCon iOS AppUITests.release.xcconfig */,
			);
			name = Pods;
			sourceTree = "<group>";
		};
		D3CB043E1CE6F8F4005FDAF0 = {
			isa = PBXGroup;
			children = (
				D3CB04491CE6F8F4005FDAF0 /* DevCon iOS App */,
				D3CB04611CE6F8F5005FDAF0 /* DevCon iOS AppTests */,
				D3CB046C1CE6F8F5005FDAF0 /* DevCon iOS AppUITests */,
				D3CB04481CE6F8F4005FDAF0 /* Products */,
				A01EEE41D4BD25001A596A84 /* Pods */,
				53A0C4DE8ECCD0B76593BD18 /* Frameworks */,
			);
			sourceTree = "<group>";
		};
		D3CB04481CE6F8F4005FDAF0 /* Products */ = {
			isa = PBXGroup;
			children = (
				D3CB04471CE6F8F4005FDAF0 /* DevCon iOS App.app */,
				D3CB045E1CE6F8F5005FDAF0 /* DevCon iOS AppTests.xctest */,
				D3CB04691CE6F8F5005FDAF0 /* DevCon iOS AppUITests.xctest */,
			);
			name = Products;
			sourceTree = "<group>";
		};
		D3CB04491CE6F8F4005FDAF0 /* DevCon iOS App */ = {
			isa = PBXGroup;
			children = (
				D3CB044A1CE6F8F4005FDAF0 /* AppDelegate.swift */,
				D3CB044C1CE6F8F4005FDAF0 /* ViewController.swift */,
				D3CB044E1CE6F8F4005FDAF0 /* Main.storyboard */,
				D3CB05731CE70591005FDAF0 /* Alamofire */,
				D3CB04541CE6F8F4005FDAF0 /* Assets.xcassets */,
				D3CB04561CE6F8F4005FDAF0 /* LaunchScreen.storyboard */,
				D3CB04591CE6F8F4005FDAF0 /* Info.plist */,
				D3CB04511CE6F8F4005FDAF0 /* DevCon_iOS_App.xcdatamodeld */,
				D319560A1CE77C2C004B7717 /* LoadingIndicatorView.xib */,
			);
			path = "DevCon iOS App";
			sourceTree = "<group>";
		};
		D3CB04611CE6F8F5005FDAF0 /* DevCon iOS AppTests */ = {
			isa = PBXGroup;
			children = (
				D3CB04621CE6F8F5005FDAF0 /* DevCon_iOS_AppTests.swift */,
				D3CB04641CE6F8F5005FDAF0 /* Info.plist */,
			);
			path = "DevCon iOS AppTests";
			sourceTree = "<group>";
		};
		D3CB046C1CE6F8F5005FDAF0 /* DevCon iOS AppUITests */ = {
			isa = PBXGroup;
			children = (
				D3CB046D1CE6F8F5005FDAF0 /* DevCon_iOS_AppUITests.swift */,
				D3CB046F1CE6F8F5005FDAF0 /* Info.plist */,
			);
			path = "DevCon iOS AppUITests";
			sourceTree = "<group>";
		};
		D3CB05731CE70591005FDAF0 /* Alamofire */ = {
			isa = PBXGroup;
			children = (
				D3CB05741CE70591005FDAF0 /* LICENSE */,
				D3CB05751CE70591005FDAF0 /* README.md */,
			);
			name = Alamofire;
			path = "../../../iOS Projects - company/brgy-remit-ios/Pods/Alamofire";
			sourceTree = "<group>";
		};
/* End PBXGroup section */

/* Begin PBXNativeTarget section */
		D3CB04461CE6F8F4005FDAF0 /* DevCon iOS App */ = {
			isa = PBXNativeTarget;
			buildConfigurationList = D3CB04721CE6F8F5005FDAF0 /* Build configuration list for PBXNativeTarget "DevCon iOS App" */;
			buildPhases = (
				F1C141CF9BDD1F68BD126729 /* 📦 Check Pods Manifest.lock */,
				D3CB04431CE6F8F4005FDAF0 /* Sources */,
				D3CB04441CE6F8F4005FDAF0 /* Frameworks */,
				D3CB04451CE6F8F4005FDAF0 /* Resources */,
				A78EC6046BC6CE97BA4816E5 /* 📦 Embed Pods Frameworks */,
				F9A8EB25B797CEF03B9AA702 /* 📦 Copy Pods Resources */,
			);
			buildRules = (
			);
			dependencies = (
			);
			name = "DevCon iOS App";
			productName = "DevCon iOS App";
			productReference = D3CB04471CE6F8F4005FDAF0 /* DevCon iOS App.app */;
			productType = "com.apple.product-type.application";
		};
		D3CB045D1CE6F8F5005FDAF0 /* DevCon iOS AppTests */ = {
			isa = PBXNativeTarget;
			buildConfigurationList = D3CB04751CE6F8F5005FDAF0 /* Build configuration list for PBXNativeTarget "DevCon iOS AppTests" */;
			buildPhases = (
				87F864DEB33C6205EBDE9A1B /* 📦 Check Pods Manifest.lock */,
				D3CB045A1CE6F8F5005FDAF0 /* Sources */,
				D3CB045B1CE6F8F5005FDAF0 /* Frameworks */,
				D3CB045C1CE6F8F5005FDAF0 /* Resources */,
				E8DF98063EDF20E69EE6BC6C /* 📦 Embed Pods Frameworks */,
				6EB4CFBA53D34271A154D796 /* 📦 Copy Pods Resources */,
			);
			buildRules = (
			);
			dependencies = (
				D3CB04601CE6F8F5005FDAF0 /* PBXTargetDependency */,
			);
			name = "DevCon iOS AppTests";
			productName = "DevCon iOS AppTests";
			productReference = D3CB045E1CE6F8F5005FDAF0 /* DevCon iOS AppTests.xctest */;
			productType = "com.apple.product-type.bundle.unit-test";
		};
		D3CB04681CE6F8F5005FDAF0 /* DevCon iOS AppUITests */ = {
			isa = PBXNativeTarget;
			buildConfigurationList = D3CB04781CE6F8F5005FDAF0 /* Build configuration list for PBXNativeTarget "DevCon iOS AppUITests" */;
			buildPhases = (
				49DD485130D5EFF39856CE2E /* 📦 Check Pods Manifest.lock */,
				D3CB04651CE6F8F5005FDAF0 /* Sources */,
				D3CB04661CE6F8F5005FDAF0 /* Frameworks */,
				D3CB04671CE6F8F5005FDAF0 /* Resources */,
				46B241CEE8502CB3056D5EE4 /* 📦 Copy Pods Resources */,
			);
			buildRules = (
			);
			dependencies = (
				D3CB046B1CE6F8F5005FDAF0 /* PBXTargetDependency */,
			);
			name = "DevCon iOS AppUITests";
			productName = "DevCon iOS AppUITests";
			productReference = D3CB04691CE6F8F5005FDAF0 /* DevCon iOS AppUITests.xctest */;
			productType = "com.apple.product-type.bundle.ui-testing";
		};
/* End PBXNativeTarget section */

/* Begin PBXProject section */
		D3CB043F1CE6F8F4005FDAF0 /* Project object */ = {
			isa = PBXProject;
			attributes = {
				LastSwiftUpdateCheck = 0730;
				LastUpgradeCheck = 0730;
				ORGANIZATIONNAME = "Mary Alexis Solis";
				TargetAttributes = {
					D3CB04461CE6F8F4005FDAF0 = {
						CreatedOnToolsVersion = 7.3;
					};
					D3CB045D1CE6F8F5005FDAF0 = {
						CreatedOnToolsVersion = 7.3;
						TestTargetID = D3CB04461CE6F8F4005FDAF0;
					};
					D3CB04681CE6F8F5005FDAF0 = {
						CreatedOnToolsVersion = 7.3;
						TestTargetID = D3CB04461CE6F8F4005FDAF0;
					};
				};
			};
			buildConfigurationList = D3CB04421CE6F8F4005FDAF0 /* Build configuration list for PBXProject "DevCon iOS App" */;
			compatibilityVersion = "Xcode 3.2";
			developmentRegion = English;
			hasScannedForEncodings = 0;
			knownRegions = (
				en,
				Base,
			);
			mainGroup = D3CB043E1CE6F8F4005FDAF0;
			productRefGroup = D3CB04481CE6F8F4005FDAF0 /* Products */;
			projectDirPath = "";
			projectRoot = "";
			targets = (
				D3CB04461CE6F8F4005FDAF0 /* DevCon iOS App */,
				D3CB045D1CE6F8F5005FDAF0 /* DevCon iOS AppTests */,
				D3CB04681CE6F8F5005FDAF0 /* DevCon iOS AppUITests */,
			);
		};
/* End PBXProject section */

/* Begin PBXResourcesBuildPhase section */
		D3CB04451CE6F8F4005FDAF0 /* Resources */ = {
			isa = PBXResourcesBuildPhase;
			buildActionMask = 2147483647;
			files = (
				D3CB04581CE6F8F4005FDAF0 /* LaunchScreen.storyboard in Resources */,
				D3CB04551CE6F8F4005FDAF0 /* Assets.xcassets in Resources */,
				D319560B1CE77C2C004B7717 /* LoadingIndicatorView.xib in Resources */,
				D3CB05851CE70591005FDAF0 /* LICENSE in Resources */,
				D3CB04501CE6F8F4005FDAF0 /* Main.storyboard in Resources */,
			);
			runOnlyForDeploymentPostprocessing = 0;
		};
		D3CB045C1CE6F8F5005FDAF0 /* Resources */ = {
			isa = PBXResourcesBuildPhase;
			buildActionMask = 2147483647;
			files = (
			);
			runOnlyForDeploymentPostprocessing = 0;
		};
		D3CB04671CE6F8F5005FDAF0 /* Resources */ = {
			isa = PBXResourcesBuildPhase;
			buildActionMask = 2147483647;
			files = (
			);
			runOnlyForDeploymentPostprocessing = 0;
		};
/* End PBXResourcesBuildPhase section */

/* Begin PBXShellScriptBuildPhase section */
		46B241CEE8502CB3056D5EE4 /* 📦 Copy Pods Resources */ = {
			isa = PBXShellScriptBuildPhase;
			buildActionMask = 2147483647;
			files = (
			);
			inputPaths = (
			);
			name = "📦 Copy Pods Resources";
			outputPaths = (
			);
			runOnlyForDeploymentPostprocessing = 0;
			shellPath = /bin/sh;
			shellScript = "\"${SRCROOT}/Pods/Target Support Files/Pods-DevCon iOS AppUITests/Pods-DevCon iOS AppUITests-resources.sh\"\n";
			showEnvVarsInLog = 0;
		};
		49DD485130D5EFF39856CE2E /* 📦 Check Pods Manifest.lock */ = {
			isa = PBXShellScriptBuildPhase;
			buildActionMask = 2147483647;
			files = (
			);
			inputPaths = (
			);
			name = "📦 Check Pods Manifest.lock";
			outputPaths = (
			);
			runOnlyForDeploymentPostprocessing = 0;
			shellPath = /bin/sh;
			shellScript = "diff \"${PODS_ROOT}/../Podfile.lock\" \"${PODS_ROOT}/Manifest.lock\" > /dev/null\nif [[ $? != 0 ]] ; then\n    cat << EOM\nerror: The sandbox is not in sync with the Podfile.lock. Run 'pod install' or update your CocoaPods installation.\nEOM\n    exit 1\nfi\n";
			showEnvVarsInLog = 0;
		};
		6EB4CFBA53D34271A154D796 /* 📦 Copy Pods Resources */ = {
			isa = PBXShellScriptBuildPhase;
			buildActionMask = 2147483647;
			files = (
			);
			inputPaths = (
			);
			name = "📦 Copy Pods Resources";
			outputPaths = (
			);
			runOnlyForDeploymentPostprocessing = 0;
			shellPath = /bin/sh;
			shellScript = "\"${SRCROOT}/Pods/Target Support Files/Pods-DevCon iOS AppTests/Pods-DevCon iOS AppTests-resources.sh\"\n";
			showEnvVarsInLog = 0;
		};
		87F864DEB33C6205EBDE9A1B /* 📦 Check Pods Manifest.lock */ = {
			isa = PBXShellScriptBuildPhase;
			buildActionMask = 2147483647;
			files = (
			);
			inputPaths = (
			);
			name = "📦 Check Pods Manifest.lock";
			outputPaths = (
			);
			runOnlyForDeploymentPostprocessing = 0;
			shellPath = /bin/sh;
			shellScript = "diff \"${PODS_ROOT}/../Podfile.lock\" \"${PODS_ROOT}/Manifest.lock\" > /dev/null\nif [[ $? != 0 ]] ; then\n    cat << EOM\nerror: The sandbox is not in sync with the Podfile.lock. Run 'pod install' or update your CocoaPods installation.\nEOM\n    exit 1\nfi\n";
			showEnvVarsInLog = 0;
		};
		A78EC6046BC6CE97BA4816E5 /* 📦 Embed Pods Frameworks */ = {
			isa = PBXShellScriptBuildPhase;
			buildActionMask = 2147483647;
			files = (
			);
			inputPaths = (
			);
			name = "📦 Embed Pods Frameworks";
			outputPaths = (
			);
			runOnlyForDeploymentPostprocessing = 0;
			shellPath = /bin/sh;
			shellScript = "\"${SRCROOT}/Pods/Target Support Files/Pods-DevCon iOS App/Pods-DevCon iOS App-frameworks.sh\"\n";
			showEnvVarsInLog = 0;
		};
		E8DF98063EDF20E69EE6BC6C /* 📦 Embed Pods Frameworks */ = {
			isa = PBXShellScriptBuildPhase;
			buildActionMask = 2147483647;
			files = (
			);
			inputPaths = (
			);
			name = "📦 Embed Pods Frameworks";
			outputPaths = (
			);
			runOnlyForDeploymentPostprocessing = 0;
			shellPath = /bin/sh;
			shellScript = "\"${SRCROOT}/Pods/Target Support Files/Pods-DevCon iOS AppTests/Pods-DevCon iOS AppTests-frameworks.sh\"\n";
			showEnvVarsInLog = 0;
		};
		F1C141CF9BDD1F68BD126729 /* 📦 Check Pods Manifest.lock */ = {
			isa = PBXShellScriptBuildPhase;
			buildActionMask = 2147483647;
			files = (
			);
			inputPaths = (
			);
			name = "📦 Check Pods Manifest.lock";
			outputPaths = (
			);
			runOnlyForDeploymentPostprocessing = 0;
			shellPath = /bin/sh;
			shellScript = "diff \"${PODS_ROOT}/../Podfile.lock\" \"${PODS_ROOT}/Manifest.lock\" > /dev/null\nif [[ $? != 0 ]] ; then\n    cat << EOM\nerror: The sandbox is not in sync with the Podfile.lock. Run 'pod install' or update your CocoaPods installation.\nEOM\n    exit 1\nfi\n";
			showEnvVarsInLog = 0;
		};
		F9A8EB25B797CEF03B9AA702 /* 📦 Copy Pods Resources */ = {
			isa = PBXShellScriptBuildPhase;
			buildActionMask = 2147483647;
			files = (
			);
			inputPaths = (
			);
			name = "📦 Copy Pods Resources";
			outputPaths = (
			);
			runOnlyForDeploymentPostprocessing = 0;
			shellPath = /bin/sh;
			shellScript = "\"${SRCROOT}/Pods/Target Support Files/Pods-DevCon iOS App/Pods-DevCon iOS App-resources.sh\"\n";
			showEnvVarsInLog = 0;
		};
/* End PBXShellScriptBuildPhase section */

/* Begin PBXSourcesBuildPhase section */
		D3CB04431CE6F8F4005FDAF0 /* Sources */ = {
			isa = PBXSourcesBuildPhase;
			buildActionMask = 2147483647;
			files = (
				D3CB044D1CE6F8F4005FDAF0 /* ViewController.swift in Sources */,
				D3CB044B1CE6F8F4005FDAF0 /* AppDelegate.swift in Sources */,
				D3CB05861CE70591005FDAF0 /* README.md in Sources */,
				D3CB04531CE6F8F4005FDAF0 /* DevCon_iOS_App.xcdatamodeld in Sources */,
			);
			runOnlyForDeploymentPostprocessing = 0;
		};
		D3CB045A1CE6F8F5005FDAF0 /* Sources */ = {
			isa = PBXSourcesBuildPhase;
			buildActionMask = 2147483647;
			files = (
				D3CB04631CE6F8F5005FDAF0 /* DevCon_iOS_AppTests.swift in Sources */,
			);
			runOnlyForDeploymentPostprocessing = 0;
		};
		D3CB04651CE6F8F5005FDAF0 /* Sources */ = {
			isa = PBXSourcesBuildPhase;
			buildActionMask = 2147483647;
			files = (
				D3CB046E1CE6F8F5005FDAF0 /* DevCon_iOS_AppUITests.swift in Sources */,
			);
			runOnlyForDeploymentPostprocessing = 0;
		};
/* End PBXSourcesBuildPhase section */

/* Begin PBXTargetDependency section */
		D3CB04601CE6F8F5005FDAF0 /* PBXTargetDependency */ = {
			isa = PBXTargetDependency;
			target = D3CB04461CE6F8F4005FDAF0 /* DevCon iOS App */;
			targetProxy = D3CB045F1CE6F8F5005FDAF0 /* PBXContainerItemProxy */;
		};
		D3CB046B1CE6F8F5005FDAF0 /* PBXTargetDependency */ = {
			isa = PBXTargetDependency;
			target = D3CB04461CE6F8F4005FDAF0 /* DevCon iOS App */;
			targetProxy = D3CB046A1CE6F8F5005FDAF0 /* PBXContainerItemProxy */;
		};
/* End PBXTargetDependency section */

/* Begin PBXVariantGroup section */
		D3CB044E1CE6F8F4005FDAF0 /* Main.storyboard */ = {
			isa = PBXVariantGroup;
			children = (
				D3CB044F1CE6F8F4005FDAF0 /* Base */,
			);
			name = Main.storyboard;
			sourceTree = "<group>";
		};
		D3CB04561CE6F8F4005FDAF0 /* LaunchScreen.storyboard */ = {
			isa = PBXVariantGroup;
			children = (
				D3CB04571CE6F8F4005FDAF0 /* Base */,
			);
			name = LaunchScreen.storyboard;
			sourceTree = "<group>";
		};
/* End PBXVariantGroup section */

/* Begin XCBuildConfiguration section */
		D3CB04701CE6F8F5005FDAF0 /* Debug */ = {
			isa = XCBuildConfiguration;
			buildSettings = {
				ALWAYS_SEARCH_USER_PATHS = NO;
				CLANG_ANALYZER_NONNULL = YES;
				CLANG_CXX_LANGUAGE_STANDARD = "gnu++0x";
				CLANG_CXX_LIBRARY = "libc++";
				CLANG_ENABLE_MODULES = YES;
				CLANG_ENABLE_OBJC_ARC = YES;
				CLANG_WARN_BOOL_CONVERSION = YES;
				CLANG_WARN_CONSTANT_CONVERSION = YES;
				CLANG_WARN_DIRECT_OBJC_ISA_USAGE = YES_ERROR;
				CLANG_WARN_EMPTY_BODY = YES;
				CLANG_WARN_ENUM_CONVERSION = YES;
				CLANG_WARN_INT_CONVERSION = YES;
				CLANG_WARN_OBJC_ROOT_CLASS = YES_ERROR;
				CLANG_WARN_UNREACHABLE_CODE = YES;
				CLANG_WARN__DUPLICATE_METHOD_MATCH = YES;
				"CODE_SIGN_IDENTITY[sdk=iphoneos*]" = "iPhone Developer";
				COPY_PHASE_STRIP = NO;
				DEBUG_INFORMATION_FORMAT = dwarf;
				ENABLE_STRICT_OBJC_MSGSEND = YES;
				ENABLE_TESTABILITY = YES;
				GCC_C_LANGUAGE_STANDARD = gnu99;
				GCC_DYNAMIC_NO_PIC = NO;
				GCC_NO_COMMON_BLOCKS = YES;
				GCC_OPTIMIZATION_LEVEL = 0;
				GCC_PREPROCESSOR_DEFINITIONS = (
					"DEBUG=1",
					"$(inherited)",
				);
				GCC_WARN_64_TO_32_BIT_CONVERSION = YES;
				GCC_WARN_ABOUT_RETURN_TYPE = YES_ERROR;
				GCC_WARN_UNDECLARED_SELECTOR = YES;
				GCC_WARN_UNINITIALIZED_AUTOS = YES_AGGRESSIVE;
				GCC_WARN_UNUSED_FUNCTION = YES;
				GCC_WARN_UNUSED_VARIABLE = YES;
				IPHONEOS_DEPLOYMENT_TARGET = 9.3;
				MTL_ENABLE_DEBUG_INFO = YES;
				ONLY_ACTIVE_ARCH = YES;
				SDKROOT = iphoneos;
				SWIFT_OPTIMIZATION_LEVEL = "-Onone";
				TARGETED_DEVICE_FAMILY = "1,2";
			};
			name = Debug;
		};
		D3CB04711CE6F8F5005FDAF0 /* Release */ = {
			isa = XCBuildConfiguration;
			buildSettings = {
				ALWAYS_SEARCH_USER_PATHS = NO;
				CLANG_ANALYZER_NONNULL = YES;
				CLANG_CXX_LANGUAGE_STANDARD = "gnu++0x";
				CLANG_CXX_LIBRARY = "libc++";
				CLANG_ENABLE_MODULES = YES;
				CLANG_ENABLE_OBJC_ARC = YES;
				CLANG_WARN_BOOL_CONVERSION = YES;
				CLANG_WARN_CONSTANT_CONVERSION = YES;
				CLANG_WARN_DIRECT_OBJC_ISA_USAGE = YES_ERROR;
				CLANG_WARN_EMPTY_BODY = YES;
				CLANG_WARN_ENUM_CONVERSION = YES;
				CLANG_WARN_INT_CONVERSION = YES;
				CLANG_WARN_OBJC_ROOT_CLASS = YES_ERROR;
				CLANG_WARN_UNREACHABLE_CODE = YES;
				CLANG_WARN__DUPLICATE_METHOD_MATCH = YES;
				"CODE_SIGN_IDENTITY[sdk=iphoneos*]" = "iPhone Developer";
				COPY_PHASE_STRIP = NO;
				DEBUG_INFORMATION_FORMAT = "dwarf-with-dsym";
				ENABLE_NS_ASSERTIONS = NO;
				ENABLE_STRICT_OBJC_MSGSEND = YES;
				GCC_C_LANGUAGE_STANDARD = gnu99;
				GCC_NO_COMMON_BLOCKS = YES;
				GCC_WARN_64_TO_32_BIT_CONVERSION = YES;
				GCC_WARN_ABOUT_RETURN_TYPE = YES_ERROR;
				GCC_WARN_UNDECLARED_SELECTOR = YES;
				GCC_WARN_UNINITIALIZED_AUTOS = YES_AGGRESSIVE;
				GCC_WARN_UNUSED_FUNCTION = YES;
				GCC_WARN_UNUSED_VARIABLE = YES;
				IPHONEOS_DEPLOYMENT_TARGET = 9.3;
				MTL_ENABLE_DEBUG_INFO = NO;
				SDKROOT = iphoneos;
				TARGETED_DEVICE_FAMILY = "1,2";
				VALIDATE_PRODUCT = YES;
			};
			name = Release;
		};
		D3CB04731CE6F8F5005FDAF0 /* Debug */ = {
			isa = XCBuildConfiguration;
			baseConfigurationReference = E9BC3403760B6E4AF3587914 /* Pods-DevCon iOS App.debug.xcconfig */;
			buildSettings = {
				ASSETCATALOG_COMPILER_APPICON_NAME = AppIcon;
				INFOPLIST_FILE = "DevCon iOS App/Info.plist";
				LD_RUNPATH_SEARCH_PATHS = "$(inherited) @executable_path/Frameworks";
				PRODUCT_BUNDLE_IDENTIFIER = "com.devconiosapp.DevCon-iOS-App";
				PRODUCT_NAME = "$(TARGET_NAME)";
			};
			name = Debug;
		};
		D3CB04741CE6F8F5005FDAF0 /* Release */ = {
			isa = XCBuildConfiguration;
			baseConfigurationReference = 4F8A7D376E692DD3428C7818 /* Pods-DevCon iOS App.release.xcconfig */;
			buildSettings = {
				ASSETCATALOG_COMPILER_APPICON_NAME = AppIcon;
				INFOPLIST_FILE = "DevCon iOS App/Info.plist";
				LD_RUNPATH_SEARCH_PATHS = "$(inherited) @executable_path/Frameworks";
				PRODUCT_BUNDLE_IDENTIFIER = "com.devconiosapp.DevCon-iOS-App";
				PRODUCT_NAME = "$(TARGET_NAME)";
			};
			name = Release;
		};
		D3CB04761CE6F8F5005FDAF0 /* Debug */ = {
			isa = XCBuildConfiguration;
			baseConfigurationReference = 4DBDB8F6A6C889A30D08AF4A /* Pods-DevCon iOS AppTests.debug.xcconfig */;
			buildSettings = {
				BUNDLE_LOADER = "$(TEST_HOST)";
				INFOPLIST_FILE = "DevCon iOS AppTests/Info.plist";
				LD_RUNPATH_SEARCH_PATHS = "$(inherited) @executable_path/Frameworks @loader_path/Frameworks";
				PRODUCT_BUNDLE_IDENTIFIER = "com.devconiosapp.DevCon-iOS-AppTests";
				PRODUCT_NAME = "$(TARGET_NAME)";
				TEST_HOST = "$(BUILT_PRODUCTS_DIR)/DevCon iOS App.app/DevCon iOS App";
			};
			name = Debug;
		};
		D3CB04771CE6F8F5005FDAF0 /* Release */ = {
			isa = XCBuildConfiguration;
			baseConfigurationReference = 1E2EE28799286EB46F4D49D2 /* Pods-DevCon iOS AppTests.release.xcconfig */;
			buildSettings = {
				BUNDLE_LOADER = "$(TEST_HOST)";
				INFOPLIST_FILE = "DevCon iOS AppTests/Info.plist";
				LD_RUNPATH_SEARCH_PATHS = "$(inherited) @executable_path/Frameworks @loader_path/Frameworks";
				PRODUCT_BUNDLE_IDENTIFIER = "com.devconiosapp.DevCon-iOS-AppTests";
				PRODUCT_NAME = "$(TARGET_NAME)";
				TEST_HOST = "$(BUILT_PRODUCTS_DIR)/DevCon iOS App.app/DevCon iOS App";
			};
			name = Release;
		};
		D3CB04791CE6F8F5005FDAF0 /* Debug */ = {
			isa = XCBuildConfiguration;
			baseConfigurationReference = 2198FF99F3E1BAA7F645AA4F /* Pods-DevCon iOS AppUITests.debug.xcconfig */;
			buildSettings = {
				INFOPLIST_FILE = "DevCon iOS AppUITests/Info.plist";
				LD_RUNPATH_SEARCH_PATHS = "$(inherited) @executable_path/Frameworks @loader_path/Frameworks";
				PRODUCT_BUNDLE_IDENTIFIER = "com.devconiosapp.DevCon-iOS-AppUITests";
				PRODUCT_NAME = "$(TARGET_NAME)";
				TEST_TARGET_NAME = "DevCon iOS App";
			};
			name = Debug;
		};
		D3CB047A1CE6F8F5005FDAF0 /* Release */ = {
			isa = XCBuildConfiguration;
			baseConfigurationReference = 7D98E6E0F7746607279CDA52 /* Pods-DevCon iOS AppUITests.release.xcconfig */;
			buildSettings = {
				INFOPLIST_FILE = "DevCon iOS AppUITests/Info.plist";
				LD_RUNPATH_SEARCH_PATHS = "$(inherited) @executable_path/Frameworks @loader_path/Frameworks";
				PRODUCT_BUNDLE_IDENTIFIER = "com.devconiosapp.DevCon-iOS-AppUITests";
				PRODUCT_NAME = "$(TARGET_NAME)";
				TEST_TARGET_NAME = "DevCon iOS App";
			};
			name = Release;
		};
/* End XCBuildConfiguration section */

/* Begin XCConfigurationList section */
		D3CB04421CE6F8F4005FDAF0 /* Build configuration list for PBXProject "DevCon iOS App" */ = {
			isa = XCConfigurationList;
			buildConfigurations = (
				D3CB04701CE6F8F5005FDAF0 /* Debug */,
				D3CB04711CE6F8F5005FDAF0 /* Release */,
			);
			defaultConfigurationIsVisible = 0;
			defaultConfigurationName = Release;
		};
		D3CB04721CE6F8F5005FDAF0 /* Build configuration list for PBXNativeTarget "DevCon iOS App" */ = {
			isa = XCConfigurationList;
			buildConfigurations = (
				D3CB04731CE6F8F5005FDAF0 /* Debug */,
				D3CB04741CE6F8F5005FDAF0 /* Release */,
			);
			defaultConfigurationIsVisible = 0;
			defaultConfigurationName = Release;
		};
		D3CB04751CE6F8F5005FDAF0 /* Build configuration list for PBXNativeTarget "DevCon iOS AppTests" */ = {
			isa = XCConfigurationList;
			buildConfigurations = (
				D3CB04761CE6F8F5005FDAF0 /* Debug */,
				D3CB04771CE6F8F5005FDAF0 /* Release */,
			);
			defaultConfigurationIsVisible = 0;
			defaultConfigurationName = Release;
		};
		D3CB04781CE6F8F5005FDAF0 /* Build configuration list for PBXNativeTarget "DevCon iOS AppUITests" */ = {
			isa = XCConfigurationList;
			buildConfigurations = (
				D3CB04791CE6F8F5005FDAF0 /* Debug */,
				D3CB047A1CE6F8F5005FDAF0 /* Release */,
			);
			defaultConfigurationIsVisible = 0;
			defaultConfigurationName = Release;
		};
/* End XCConfigurationList section */

/* Begin XCVersionGroup section */
		D3CB04511CE6F8F4005FDAF0 /* DevCon_iOS_App.xcdatamodeld */ = {
			isa = XCVersionGroup;
			children = (
				D3CB04521CE6F8F4005FDAF0 /* DevCon_iOS_App.xcdatamodel */,
			);
			currentVersion = D3CB04521CE6F8F4005FDAF0 /* DevCon_iOS_App.xcdatamodel */;
			path = DevCon_iOS_App.xcdatamodeld;
			sourceTree = "<group>";
			versionGroupType = wrapper.xcdatamodel;
		};
/* End XCVersionGroup section */
	};
	rootObject = D3CB043F1CE6F8F4005FDAF0 /* Project object */;
}
